
Microsoft Visual Studio Solution File, Format Version 12.00
# Visual Studio Version 16
VisualStudioVersion = 16.0.29324.140
MinimumVisualStudioVersion = 10.0.40219.1
Project("{FAE04EC0-301F-11D3-BF4B-00C04F79EFBC}") = "GameOfLife", "GameOfLife\GameOfLife.csproj", "{FF37E801-A2E1-4D39-8BF8-D315500C0EF2}"
EndProject
Project("{FAE04EC0-301F-11D3-BF4B-00C04F79EFBC}") = "GameOfLife.Logic", "GameOfLife.Logic\GameOfLife.Logic.csproj", "{D0AE1672-B37C-4A8B-8636-C4E5526B4C94}"
EndProject
Project("{FAE04EC0-301F-11D3-BF4B-00C04F79EFBC}") = "GameOfLife.Domain", "GameOfLife.Domain\GameOfLife.Domain.csproj", "{FDFA0D8A-7067-4A41-8FB9-4168173C4312}"
EndProject
Global
	GlobalSection(SolutionConfigurationPlatforms) = preSolution
		Debug|Any CPU = Debug|Any CPU
		Release|Any CPU = Release|Any CPU
	EndGlobalSection
	GlobalSection(ProjectConfigurationPlatforms) = postSolution
		{FF37E801-A2E1-4D39-8BF8-D315500C0EF2}.Debug|Any CPU.ActiveCfg = Debug|Any CPU
		{FF37E801-A2E1-4D39-8BF8-D315500C0EF2}.Debug|Any CPU.Build.0 = Debug|Any CPU
		{FF37E801-A2E1-4D39-8BF8-D315500C0EF2}.Release|Any CPU.ActiveCfg = Release|Any CPU
		{FF37E801-A2E1-4D39-8BF8-D315500C0EF2}.Release|Any CPU.Build.0 = Release|Any CPU
		{D0AE1672-B37C-4A8B-8636-C4E5526B4C94}.Debug|Any CPU.ActiveCfg = Debug|Any CPU
		{D0AE1672-B37C-4A8B-8636-C4E5526B4C94}.Debug|Any CPU.Build.0 = Debug|Any CPU
		{D0AE1672-B37C-4A8B-8636-C4E5526B4C94}.Release|Any CPU.ActiveCfg = Release|Any CPU
		{D0AE1672-B37C-4A8B-8636-C4E5526B4C94}.Release|Any CPU.Build.0 = Release|Any CPU
		{FDFA0D8A-7067-4A41-8FB9-4168173C4312}.Debug|Any CPU.ActiveCfg = Debug|Any CPU
		{FDFA0D8A-7067-4A41-8FB9-4168173C4312}.Debug|Any CPU.Build.0 = Debug|Any CPU
		{FDFA0D8A-7067-4A41-8FB9-4168173C4312}.Release|Any CPU.ActiveCfg = Release|Any CPU
		{FDFA0D8A-7067-4A41-8FB9-4168173C4312}.Release|Any CPU.Build.0 = Release|Any CPU
	EndGlobalSection
	GlobalSection(SolutionProperties) = preSolution
		HideSolutionNode = FALSE
	EndGlobalSection
	GlobalSection(ExtensibilityGlobals) = postSolution
		SolutionGuid = {01BB6080-1D33-47DC-8FA4-FF28B1288CA7}
	EndGlobalSection
EndGlobal
